
Microsoft Visual Studio Solution File, Format Version 12.00
# Visual Studio 14
VisualStudioVersion = 14.0.25420.1
MinimumVisualStudioVersion = 10.0.40219.1
Project("{FAE04EC0-301F-11D3-BF4B-00C04F79EFBC}") = "IWAS", "IWAS\IWAS.csproj", "{2BD346C5-401E-49D5-9655-88576A692EEE}"
EndProject
Global
	GlobalSection(SolutionConfigurationPlatforms) = preSolution
		Debug|Any CPU = Debug|Any CPU
		Release|Any CPU = Release|Any CPU
	EndGlobalSection
	GlobalSection(ProjectConfigurationPlatforms) = postSolution
		{2BD346C5-401E-49D5-9655-88576A692EEE}.Debug|Any CPU.ActiveCfg = Debug|Any CPU
		{2BD346C5-401E-49D5-9655-88576A692EEE}.Debug|Any CPU.Build.0 = Debug|Any CPU
		{2BD346C5-401E-49D5-9655-88576A692EEE}.Release|Any CPU.ActiveCfg = Release|Any CPU
		{2BD346C5-401E-49D5-9655-88576A692EEE}.Release|Any CPU.Build.0 = Release|Any CPU
	EndGlobalSection
	GlobalSection(SolutionProperties) = preSolution
		HideSolutionNode = FALSE
	EndGlobalSection
EndGlobal
